Microsoft Visual Studio Solution File, Format Version 12.00
# Visual Studio Version 17
VisualStudioVersion = 17.5.2.0
MinimumVisualStudioVersion = 10.0.40219.1
Project("{FAE04EC0-301F-11D3-BF4B-00C04F79EFBC}") = "BasicLoops", "BasicLoops\BasicLoops.csproj", "{CF716B4C-5991-1F07-FDD4-394F7A02B3E7}"
EndProject
Global
	GlobalSection(SolutionConfigurationPlatforms) = preSolution
		Debug|Any CPU = Debug|Any CPU
		Release|Any CPU = Release|Any CPU
	EndGlobalSection
	GlobalSection(ProjectConfigurationPlatforms) = postSolution
		{CF716B4C-5991-1F07-FDD4-394F7A02B3E7}.Debug|Any CPU.ActiveCfg = Debug|Any CPU
		{CF716B4C-5991-1F07-FDD4-394F7A02B3E7}.Debug|Any CPU.Build.0 = Debug|Any CPU
		{CF716B4C-5991-1F07-FDD4-394F7A02B3E7}.Release|Any CPU.ActiveCfg = Release|Any CPU
		{CF716B4C-5991-1F07-FDD4-394F7A02B3E7}.Release|Any CPU.Build.0 = Release|Any CPU
	EndGlobalSection
	GlobalSection(SolutionProperties) = preSolution
		HideSolutionNode = FALSE
	EndGlobalSection
	GlobalSection(ExtensibilityGlobals) = postSolution
		SolutionGuid = {000D4472-6AFA-4DB2-B381-7F6C923BDC85}
	EndGlobalSection
EndGlobal
